
Microsoft Visual Studio Solution File, Format Version 12.00
# Visual Studio Version 17
VisualStudioVersion = 17.5.002.0
MinimumVisualStudioVersion = 10.0.40219.1
Project("{9A19103F-16F7-4668-BE54-9A1E7A4F7556}") = "BLL", "BLL.csproj", "{03F4E1F9-7206-43B7-9CA6-B46C6B5F6D7C}"
EndProject
Global
	GlobalSection(SolutionConfigurationPlatforms) = preSolution
		Debug|Any CPU = Debug|Any CPU
		Release|Any CPU = Release|Any CPU
	EndGlobalSection
	GlobalSection(ProjectConfigurationPlatforms) = postSolution
		{03F4E1F9-7206-43B7-9CA6-B46C6B5F6D7C}.Debug|Any CPU.ActiveCfg = Debug|Any CPU
		{03F4E1F9-7206-43B7-9CA6-B46C6B5F6D7C}.Debug|Any CPU.Build.0 = Debug|Any CPU
		{03F4E1F9-7206-43B7-9CA6-B46C6B5F6D7C}.Release|Any CPU.ActiveCfg = Release|Any CPU
		{03F4E1F9-7206-43B7-9CA6-B46C6B5F6D7C}.Release|Any CPU.Build.0 = Release|Any CPU
	EndGlobalSection
	GlobalSection(SolutionProperties) = preSolution
		HideSolutionNode = FALSE
	EndGlobalSection
	GlobalSection(ExtensibilityGlobals) = postSolution
		SolutionGuid = {20FFE72D-CF1E-4C22-8A2B-FCEF85D9E531}
	EndGlobalSection
EndGlobal
